
Microsoft Visual Studio Solution File, Format Version 12.00
# Visual Studio 15
VisualStudioVersion = 15.0.28307.168
MinimumVisualStudioVersion = 10.0.40219.1
Project("{FAE04EC0-301F-11D3-BF4B-00C04F79EFBC}") = "ShopManager", "ShopManager\ShopManager.csproj", "{EE8E4D7A-DB67-41EA-9430-5B0F927B687F}"
EndProject
Global
	GlobalSection(SolutionConfigurationPlatforms) = preSolution
		Debug|Any CPU = Debug|Any CPU
		Release|Any CPU = Release|Any CPU
	EndGlobalSection
	GlobalSection(ProjectConfigurationPlatforms) = postSolution
		{EE8E4D7A-DB67-41EA-9430-5B0F927B687F}.Debug|Any CPU.ActiveCfg = Debug|Any CPU
		{EE8E4D7A-DB67-41EA-9430-5B0F927B687F}.Debug|Any CPU.Build.0 = Debug|Any CPU
		{EE8E4D7A-DB67-41EA-9430-5B0F927B687F}.Release|Any CPU.ActiveCfg = Release|Any CPU
		{EE8E4D7A-DB67-41EA-9430-5B0F927B687F}.Release|Any CPU.Build.0 = Release|Any CPU
	EndGlobalSection
	GlobalSection(SolutionProperties) = preSolution
		HideSolutionNode = FALSE
	EndGlobalSection
	GlobalSection(ExtensibilityGlobals) = postSolution
		SolutionGuid = {706C96AC-3B10-462B-9FC5-8228CC5B0F35}
	EndGlobalSection
EndGlobal
